schema: '2.0'
stages:
  download:
    cmd: python src/download.py
    deps:
    - path: src/download.py
      hash: md5
      md5: 2a3f279d2e5f038cd7a3140b594424ca
      size: 684
    params:
      params.yaml:
        download.n_loc: 99999913724
        download.year: 2023
    outs:
    - path: data/weather.csv
      hash: md5
      md5: 942c66d98b58a5e9333c62f84427c5cd
      size: 322119
  prepare:
    cmd: python src/prepare.py data/weather.csv data/groundTruth.csv
    deps:
    - path: data/weather.csv
      hash: md5
      md5: 942c66d98b58a5e9333c62f84427c5cd
      size: 322119
    - path: src/prepare.py
      hash: md5
      md5: ccaa4ec42f489bd3263088e374e9cdfd
      size: 1299
    params:
      params.yaml:
        prepare.seed: 42
    outs:
    - path: data/groundTruth.csv
      hash: md5
      md5: ec15a860061732d669a0052ae27b2588
      size: 74
  process:
    cmd: python src/process.py data/weather.csv data/predictedTruth.csv
    deps:
    - path: data/weather.csv
      hash: md5
      md5: 942c66d98b58a5e9333c62f84427c5cd
      size: 322119
    - path: src/process.py
      hash: md5
      md5: b439749e4c33b0669b8722fd2dcd6624
      size: 764
    outs:
    - path: data/predictedTruth.csv
      hash: md5
      md5: c009a23262360d890b9ffa1a0cf5f70c
      size: 243
  evaluate:
    cmd: python src/evaluate.py data/groundTruth.csv data/predictedTruth.csv
    deps:
    - path: data/groundTruth.csv
      hash: md5
      md5: ec15a860061732d669a0052ae27b2588
      size: 74
    - path: data/predictedTruth.csv
      hash: md5
      md5: c009a23262360d890b9ffa1a0cf5f70c
      size: 243
    - path: src/evaluate.py
      hash: md5
      md5: 15ac1ead98b04b03ad93e289d1ea6fd5
      size: 656
    outs:
    - path: data/R2_score.txt
      hash: md5
      md5: abe479baf7860861f2cb687d82baf879
      size: 19
